
Microsoft Visual Studio Solution File, Format Version 12.00
# Visual Studio Version 17
VisualStudioVersion = 17.4.33205.214
MinimumVisualStudioVersion = 10.0.40219.1
Project("{D954291E-2A0B-460D-934E-DC6B0785DB48}") = "GameEngine", "GameEngine\GameEngine.shproj", "{A0CDBD0E-3A41-42B7-9425-A838BC2C7383}"
EndProject
Project("{FAE04EC0-301F-11D3-BF4B-00C04F79EFBC}") = "GameLibrary", "GameLibrary\GameLibrary.csproj", "{9C51443E-D403-4917-AAC3-C03C2911FC93}"
EndProject
Project("{FAE04EC0-301F-11D3-BF4B-00C04F79EFBC}") = "DesktopGame", "DesktopGame\DesktopGame.csproj", "{3F2A5315-5158-4F2B-A1EB-BBE9C9125B03}"
EndProject
Global
	GlobalSection(SolutionConfigurationPlatforms) = preSolution
		Debug|Any CPU = Debug|Any CPU
		Release|Any CPU = Release|Any CPU
	EndGlobalSection
	GlobalSection(ProjectConfigurationPlatforms) = postSolution
		{9C51443E-D403-4917-AAC3-C03C2911FC93}.Debug|Any CPU.ActiveCfg = Debug|Any CPU
		{9C51443E-D403-4917-AAC3-C03C2911FC93}.Debug|Any CPU.Build.0 = Debug|Any CPU
		{9C51443E-D403-4917-AAC3-C03C2911FC93}.Release|Any CPU.ActiveCfg = Release|Any CPU
		{9C51443E-D403-4917-AAC3-C03C2911FC93}.Release|Any CPU.Build.0 = Release|Any CPU
		{3F2A5315-5158-4F2B-A1EB-BBE9C9125B03}.Debug|Any CPU.ActiveCfg = Debug|Any CPU
		{3F2A5315-5158-4F2B-A1EB-BBE9C9125B03}.Debug|Any CPU.Build.0 = Debug|Any CPU
		{3F2A5315-5158-4F2B-A1EB-BBE9C9125B03}.Release|Any CPU.ActiveCfg = Release|Any CPU
		{3F2A5315-5158-4F2B-A1EB-BBE9C9125B03}.Release|Any CPU.Build.0 = Release|Any CPU
	EndGlobalSection
	GlobalSection(SolutionProperties) = preSolution
		HideSolutionNode = FALSE
	EndGlobalSection
	GlobalSection(ExtensibilityGlobals) = postSolution
		SolutionGuid = {BC438BA1-7E82-4D04-9E4E-7E4395ACADDB}
	EndGlobalSection
	GlobalSection(SharedMSBuildProjectFiles) = preSolution
		GameEngine\GameEngine.projitems*{9c51443e-d403-4917-aac3-c03c2911fc93}*SharedItemsImports = 5
		GameEngine\GameEngine.projitems*{a0cdbd0e-3a41-42b7-9425-a838bc2c7383}*SharedItemsImports = 13
	EndGlobalSection
EndGlobal
